
Microsoft Visual Studio Solution File, Format Version 12.00
# Visual Studio 14
VisualStudioVersion = 14.0.25420.1
MinimumVisualStudioVersion = 10.0.40219.1
Project("{FAE04EC0-301F-11D3-BF4B-00C04F79EFBC}") = "Replace.Certification", "Replace.Certification\Replace.Certification.csproj", "{5E9A1A64-536A-4A63-B79E-FD11EB74673E}"
EndProject
Project("{FAE04EC0-301F-11D3-BF4B-00C04F79EFBC}") = "Replace.Common", "Replace.Common\Replace.Common.csproj", "{5880B9C4-2715-4446-BFF1-F128550949F7}"
EndProject
Global
	GlobalSection(SolutionConfigurationPlatforms) = preSolution
		Debug|Any CPU = Debug|Any CPU
		Release|Any CPU = Release|Any CPU
	EndGlobalSection
	GlobalSection(ProjectConfigurationPlatforms) = postSolution
		{5E9A1A64-536A-4A63-B79E-FD11EB74673E}.Debug|Any CPU.ActiveCfg = Debug|Any CPU
		{5E9A1A64-536A-4A63-B79E-FD11EB74673E}.Debug|Any CPU.Build.0 = Debug|Any CPU
		{5E9A1A64-536A-4A63-B79E-FD11EB74673E}.Release|Any CPU.ActiveCfg = Release|Any CPU
		{5E9A1A64-536A-4A63-B79E-FD11EB74673E}.Release|Any CPU.Build.0 = Release|Any CPU
		{5880B9C4-2715-4446-BFF1-F128550949F7}.Debug|Any CPU.ActiveCfg = Debug|Any CPU
		{5880B9C4-2715-4446-BFF1-F128550949F7}.Debug|Any CPU.Build.0 = Debug|Any CPU
		{5880B9C4-2715-4446-BFF1-F128550949F7}.Release|Any CPU.ActiveCfg = Release|Any CPU
		{5880B9C4-2715-4446-BFF1-F128550949F7}.Release|Any CPU.Build.0 = Release|Any CPU
	EndGlobalSection
	GlobalSection(SolutionProperties) = preSolution
		HideSolutionNode = FALSE
	EndGlobalSection
EndGlobal
